
Microsoft Visual Studio Solution File, Format Version 12.00
# Visual Studio Version 16
VisualStudioVersion = 16.0.30320.27
MinimumVisualStudioVersion = 10.0.40219.1
Project("{FAE04EC0-301F-11D3-BF4B-00C04F79EFBC}") = "RandNumGen", "RandNumGen\RandNumGen.csproj", "{C94F69D0-AE7D-4BFB-8484-2E5716CA06BC}"
EndProject
Global
	GlobalSection(SolutionConfigurationPlatforms) = preSolution
		Debug|Any CPU = Debug|Any CPU
		Release|Any CPU = Release|Any CPU
	EndGlobalSection
	GlobalSection(ProjectConfigurationPlatforms) = postSolution
		{C94F69D0-AE7D-4BFB-8484-2E5716CA06BC}.Debug|Any CPU.ActiveCfg = Debug|Any CPU
		{C94F69D0-AE7D-4BFB-8484-2E5716CA06BC}.Debug|Any CPU.Build.0 = Debug|Any CPU
		{C94F69D0-AE7D-4BFB-8484-2E5716CA06BC}.Release|Any CPU.ActiveCfg = Release|Any CPU
		{C94F69D0-AE7D-4BFB-8484-2E5716CA06BC}.Release|Any CPU.Build.0 = Release|Any CPU
	EndGlobalSection
	GlobalSection(SolutionProperties) = preSolution
		HideSolutionNode = FALSE
	EndGlobalSection
	GlobalSection(ExtensibilityGlobals) = postSolution
		SolutionGuid = {830F551F-E140-4CB4-AEED-6B163E7E163C}
	EndGlobalSection
EndGlobal
